
Microsoft Visual Studio Solution File, Format Version 12.00
# Visual Studio 14
VisualStudioVersion = 14.0.25420.1
MinimumVisualStudioVersion = 10.0.40219.1
Project("{8BC9CEB8-8B4A-11D0-8D11-00A0C91BC942}") = "3 Texture", "3 Texture\3 Texture.vcxproj", "{D0ED4B7F-D069-40C0-AC36-176A3E192B5F}"
EndProject
Project("{8BC9CEB8-8B4A-11D0-8D11-00A0C91BC942}") = "2 Shader", "2 Shader\2 Shader.vcxproj", "{C0E13199-A40E-4E55-B254-0695D9EF754D}"
EndProject
Project("{8BC9CEB8-8B4A-11D0-8D11-00A0C91BC942}") = "0 InitOpenGL", "0 InitOpenGL\0 InitOpenGL.vcxproj", "{08BB9CB5-1F70-4C5F-AA5E-78CCB85F0CB5}"
EndProject
Project("{8BC9CEB8-8B4A-11D0-8D11-00A0C91BC942}") = "1 DrawTriangle", "1 DrawTriangle\1 DrawTriangle.vcxproj", "{F6F970F4-51DF-4B4F-9767-0049CC218F3C}"
EndProject
Project("{8BC9CEB8-8B4A-11D0-8D11-00A0C91BC942}") = "4 Transform", "4 Transform\4 Transform.vcxproj", "{A164BC9C-C796-4A76-844E-989A21D22874}"
EndProject
Project("{8BC9CEB8-8B4A-11D0-8D11-00A0C91BC942}") = "5 Coordinate Systems", "5 Coordinate Systems\5 Coordinate Systems.vcxproj", "{309B28D5-91B5-49A7-BF0A-FE7BD1DD2A5F}"
EndProject
Project("{8BC9CEB8-8B4A-11D0-8D11-00A0C91BC942}") = "6 Camera", "6 Camera\6 Camera.vcxproj", "{4EFF77FE-E477-46D7-84AF-AB32360A446A}"
EndProject
Project("{8BC9CEB8-8B4A-11D0-8D11-00A0C91BC942}") = "7 Color", "7 Color\7 Color.vcxproj", "{F9B95B66-43A7-4595-8C78-7041980DBA0D}"
EndProject
Project("{8BC9CEB8-8B4A-11D0-8D11-00A0C91BC942}") = "8 Basic Lighting", "8 Basic Lighting\8 Basic Lighting.vcxproj", "{9218DDEE-4771-45FA-A527-70A5C5A71967}"
EndProject
Project("{8BC9CEB8-8B4A-11D0-8D11-00A0C91BC942}") = "9 Materials", "9 Materials\9 Materials.vcxproj", "{A063C666-96C3-4691-9346-BDB74678565C}"
EndProject
Project("{8BC9CEB8-8B4A-11D0-8D11-00A0C91BC942}") = "10 LightingMap", "10 LightingMap\10 LightingMap.vcxproj", "{461EB5FA-B491-4215-9D09-A15DEF41AB19}"
EndProject
Project("{8BC9CEB8-8B4A-11D0-8D11-00A0C91BC942}") = "11 Light Casters", "11 Light Casters\11 Light Casters.vcxproj", "{51F8E2A9-270D-43A5-A387-32919B50296A}"
EndProject
Project("{8BC9CEB8-8B4A-11D0-8D11-00A0C91BC942}") = "12 Multiple lights", "12 Multiple lights\12 Multiple lights.vcxproj", "{9CDD5953-F651-4B27-8D5A-968B1D86D9FD}"
EndProject
Project("{8BC9CEB8-8B4A-11D0-8D11-00A0C91BC942}") = "13 Mesh and Model", "13 Mesh and Model\13 Mesh and Model.vcxproj", "{B6229B02-EAC1-4A14-9F30-1337581347D3}"
EndProject
Project("{8BC9CEB8-8B4A-11D0-8D11-00A0C91BC942}") = "14 Depth testing", "14 Depth testing\14 Depth testing.vcxproj", "{0F2805D8-4F55-45C0-B55F-45C1F61172AC}"
EndProject
Project("{8BC9CEB8-8B4A-11D0-8D11-00A0C91BC942}") = "15 Stencil testing", "15 Stencil testing\15 Stencil testing.vcxproj", "{D3C50163-C024-4885-B66D-4EEAABD62742}"
EndProject
Project("{8BC9CEB8-8B4A-11D0-8D11-00A0C91BC942}") = "16 Blending", "16 Blending\16 Blending.vcxproj", "{BB9FADA0-461A-4B68-92B9-9E1942DB4BE7}"
EndProject
Project("{8BC9CEB8-8B4A-11D0-8D11-00A0C91BC942}") = "17 Face Culling", "17 Face Culling\17 Face Culling.vcxproj", "{980586D1-546B-4031-A4B0-03F7389D9358}"
EndProject
Global
	GlobalSection(SolutionConfigurationPlatforms) = preSolution
		Debug|x64 = Debug|x64
		Debug|x86 = Debug|x86
		Release|x64 = Release|x64
		Release|x86 = Release|x86
	EndGlobalSection
	GlobalSection(ProjectConfigurationPlatforms) = postSolution
		{D0ED4B7F-D069-40C0-AC36-176A3E192B5F}.Debug|x64.ActiveCfg = Debug|x64
		{D0ED4B7F-D069-40C0-AC36-176A3E192B5F}.Debug|x64.Build.0 = Debug|x64
		{D0ED4B7F-D069-40C0-AC36-176A3E192B5F}.Debug|x86.ActiveCfg = Debug|Win32
		{D0ED4B7F-D069-40C0-AC36-176A3E192B5F}.Debug|x86.Build.0 = Debug|Win32
		{D0ED4B7F-D069-40C0-AC36-176A3E192B5F}.Release|x64.ActiveCfg = Release|x64
		{D0ED4B7F-D069-40C0-AC36-176A3E192B5F}.Release|x64.Build.0 = Release|x64
		{D0ED4B7F-D069-40C0-AC36-176A3E192B5F}.Release|x86.ActiveCfg = Release|Win32
		{D0ED4B7F-D069-40C0-AC36-176A3E192B5F}.Release|x86.Build.0 = Release|Win32
		{C0E13199-A40E-4E55-B254-0695D9EF754D}.Debug|x64.ActiveCfg = Debug|x64
		{C0E13199-A40E-4E55-B254-0695D9EF754D}.Debug|x64.Build.0 = Debug|x64
		{C0E13199-A40E-4E55-B254-0695D9EF754D}.Debug|x86.ActiveCfg = Debug|Win32
		{C0E13199-A40E-4E55-B254-0695D9EF754D}.Debug|x86.Build.0 = Debug|Win32
		{C0E13199-A40E-4E55-B254-0695D9EF754D}.Release|x64.ActiveCfg = Release|x64
		{C0E13199-A40E-4E55-B254-0695D9EF754D}.Release|x64.Build.0 = Release|x64
		{C0E13199-A40E-4E55-B254-0695D9EF754D}.Release|x86.ActiveCfg = Release|Win32
		{C0E13199-A40E-4E55-B254-0695D9EF754D}.Release|x86.Build.0 = Release|Win32
		{08BB9CB5-1F70-4C5F-AA5E-78CCB85F0CB5}.Debug|x64.ActiveCfg = Debug|x64
		{08BB9CB5-1F70-4C5F-AA5E-78CCB85F0CB5}.Debug|x64.Build.0 = Debug|x64
		{08BB9CB5-1F70-4C5F-AA5E-78CCB85F0CB5}.Debug|x86.ActiveCfg = Debug|Win32
		{08BB9CB5-1F70-4C5F-AA5E-78CCB85F0CB5}.Debug|x86.Build.0 = Debug|Win32
		{08BB9CB5-1F70-4C5F-AA5E-78CCB85F0CB5}.Release|x64.ActiveCfg = Release|x64
		{08BB9CB5-1F70-4C5F-AA5E-78CCB85F0CB5}.Release|x64.Build.0 = Release|x64
		{08BB9CB5-1F70-4C5F-AA5E-78CCB85F0CB5}.Release|x86.ActiveCfg = Release|Win32
		{08BB9CB5-1F70-4C5F-AA5E-78CCB85F0CB5}.Release|x86.Build.0 = Release|Win32
		{F6F970F4-51DF-4B4F-9767-0049CC218F3C}.Debug|x64.ActiveCfg = Debug|x64
		{F6F970F4-51DF-4B4F-9767-0049CC218F3C}.Debug|x64.Build.0 = Debug|x64
		{F6F970F4-51DF-4B4F-9767-0049CC218F3C}.Debug|x86.ActiveCfg = Debug|Win32
		{F6F970F4-51DF-4B4F-9767-0049CC218F3C}.Debug|x86.Build.0 = Debug|Win32
		{F6F970F4-51DF-4B4F-9767-0049CC218F3C}.Release|x64.ActiveCfg = Release|x64
		{F6F970F4-51DF-4B4F-9767-0049CC218F3C}.Release|x64.Build.0 = Release|x64
		{F6F970F4-51DF-4B4F-9767-0049CC218F3C}.Release|x86.ActiveCfg = Release|Win32
		{F6F970F4-51DF-4B4F-9767-0049CC218F3C}.Release|x86.Build.0 = Release|Win32
		{A164BC9C-C796-4A76-844E-989A21D22874}.Debug|x64.ActiveCfg = Debug|x64
		{A164BC9C-C796-4A76-844E-989A21D22874}.Debug|x64.Build.0 = Debug|x64
		{A164BC9C-C796-4A76-844E-989A21D22874}.Debug|x86.ActiveCfg = Debug|Win32
		{A164BC9C-C796-4A76-844E-989A21D22874}.Debug|x86.Build.0 = Debug|Win32
		{A164BC9C-C796-4A76-844E-989A21D22874}.Release|x64.ActiveCfg = Release|x64
		{A164BC9C-C796-4A76-844E-989A21D22874}.Release|x64.Build.0 = Release|x64
		{A164BC9C-C796-4A76-844E-989A21D22874}.Release|x86.ActiveCfg = Release|Win32
		{A164BC9C-C796-4A76-844E-989A21D22874}.Release|x86.Build.0 = Release|Win32
		{309B28D5-91B5-49A7-BF0A-FE7BD1DD2A5F}.Debug|x64.ActiveCfg = Debug|x64
		{309B28D5-91B5-49A7-BF0A-FE7BD1DD2A5F}.Debug|x64.Build.0 = Debug|x64
		{309B28D5-91B5-49A7-BF0A-FE7BD1DD2A5F}.Debug|x86.ActiveCfg = Debug|Win32
		{309B28D5-91B5-49A7-BF0A-FE7BD1DD2A5F}.Debug|x86.Build.0 = Debug|Win32
		{309B28D5-91B5-49A7-BF0A-FE7BD1DD2A5F}.Release|x64.ActiveCfg = Release|x64
		{309B28D5-91B5-49A7-BF0A-FE7BD1DD2A5F}.Release|x64.Build.0 = Release|x64
		{309B28D5-91B5-49A7-BF0A-FE7BD1DD2A5F}.Release|x86.ActiveCfg = Release|Win32
		{309B28D5-91B5-49A7-BF0A-FE7BD1DD2A5F}.Release|x86.Build.0 = Release|Win32
		{4EFF77FE-E477-46D7-84AF-AB32360A446A}.Debug|x64.ActiveCfg = Debug|x64
		{4EFF77FE-E477-46D7-84AF-AB32360A446A}.Debug|x64.Build.0 = Debug|x64
		{4EFF77FE-E477-46D7-84AF-AB32360A446A}.Debug|x86.ActiveCfg = Debug|Win32
		{4EFF77FE-E477-46D7-84AF-AB32360A446A}.Debug|x86.Build.0 = Debug|Win32
		{4EFF77FE-E477-46D7-84AF-AB32360A446A}.Release|x64.ActiveCfg = Release|x64
		{4EFF77FE-E477-46D7-84AF-AB32360A446A}.Release|x64.Build.0 = Release|x64
		{4EFF77FE-E477-46D7-84AF-AB32360A446A}.Release|x86.ActiveCfg = Release|Win32
		{4EFF77FE-E477-46D7-84AF-AB32360A446A}.Release|x86.Build.0 = Release|Win32
		{F9B95B66-43A7-4595-8C78-7041980DBA0D}.Debug|x64.ActiveCfg = Debug|x64
		{F9B95B66-43A7-4595-8C78-7041980DBA0D}.Debug|x64.Build.0 = Debug|x64
		{F9B95B66-43A7-4595-8C78-7041980DBA0D}.Debug|x86.ActiveCfg = Debug|Win32
		{F9B95B66-43A7-4595-8C78-7041980DBA0D}.Debug|x86.Build.0 = Debug|Win32
		{F9B95B66-43A7-4595-8C78-7041980DBA0D}.Release|x64.ActiveCfg = Release|x64
		{F9B95B66-43A7-4595-8C78-7041980DBA0D}.Release|x64.Build.0 = Release|x64
		{F9B95B66-43A7-4595-8C78-7041980DBA0D}.Release|x86.ActiveCfg = Release|Win32
		{F9B95B66-43A7-4595-8C78-7041980DBA0D}.Release|x86.Build.0 = Release|Win32
		{9218DDEE-4771-45FA-A527-70A5C5A71967}.Debug|x64.ActiveCfg = Debug|x64
		{9218DDEE-4771-45FA-A527-70A5C5A71967}.Debug|x64.Build.0 = Debug|x64
		{9218DDEE-4771-45FA-A527-70A5C5A71967}.Debug|x86.ActiveCfg = Debug|Win32
		{9218DDEE-4771-45FA-A527-70A5C5A71967}.Debug|x86.Build.0 = Debug|Win32
		{9218DDEE-4771-45FA-A527-70A5C5A71967}.Release|x64.ActiveCfg = Release|x64
		{9218DDEE-4771-45FA-A527-70A5C5A71967}.Release|x64.Build.0 = Release|x64
		{9218DDEE-4771-45FA-A527-70A5C5A71967}.Release|x86.ActiveCfg = Release|Win32
		{9218DDEE-4771-45FA-A527-70A5C5A71967}.Release|x86.Build.0 = Release|Win32
		{A063C666-96C3-4691-9346-BDB74678565C}.Debug|x64.ActiveCfg = Debug|x64
		{A063C666-96C3-4691-9346-BDB74678565C}.Debug|x64.Build.0 = Debug|x64
		{A063C666-96C3-4691-9346-BDB74678565C}.Debug|x86.ActiveCfg = Debug|Win32
		{A063C666-96C3-4691-9346-BDB74678565C}.Debug|x86.Build.0 = Debug|Win32
		{A063C666-96C3-4691-9346-BDB74678565C}.Release|x64.ActiveCfg = Release|x64
		{A063C666-96C3-4691-9346-BDB74678565C}.Release|x64.Build.0 = Release|x64
		{A063C666-96C3-4691-9346-BDB74678565C}.Release|x86.ActiveCfg = Release|Win32
		{A063C666-96C3-4691-9346-BDB74678565C}.Release|x86.Build.0 = Release|Win32
		{461EB5FA-B491-4215-9D09-A15DEF41AB19}.Debug|x64.ActiveCfg = Debug|x64
		{461EB5FA-B491-4215-9D09-A15DEF41AB19}.Debug|x64.Build.0 = Debug|x64
		{461EB5FA-B491-4215-9D09-A15DEF41AB19}.Debug|x86.ActiveCfg = Debug|Win32
		{461EB5FA-B491-4215-9D09-A15DEF41AB19}.Debug|x86.Build.0 = Debug|Win32
		{461EB5FA-B491-4215-9D09-A15DEF41AB19}.Release|x64.ActiveCfg = Release|x64
		{461EB5FA-B491-4215-9D09-A15DEF41AB19}.Release|x64.Build.0 = Release|x64
		{461EB5FA-B491-4215-9D09-A15DEF41AB19}.Release|x86.ActiveCfg = Release|Win32
		{461EB5FA-B491-4215-9D09-A15DEF41AB19}.Release|x86.Build.0 = Release|Win32
		{51F8E2A9-270D-43A5-A387-32919B50296A}.Debug|x64.ActiveCfg = Debug|x64
		{51F8E2A9-270D-43A5-A387-32919B50296A}.Debug|x64.Build.0 = Debug|x64
		{51F8E2A9-270D-43A5-A387-32919B50296A}.Debug|x86.ActiveCfg = Debug|Win32
		{51F8E2A9-270D-43A5-A387-32919B50296A}.Debug|x86.Build.0 = Debug|Win32
		{51F8E2A9-270D-43A5-A387-32919B50296A}.Release|x64.ActiveCfg = Release|x64
		{51F8E2A9-270D-43A5-A387-32919B50296A}.Release|x64.Build.0 = Release|x64
		{51F8E2A9-270D-43A5-A387-32919B50296A}.Release|x86.ActiveCfg = Release|Win32
		{51F8E2A9-270D-43A5-A387-32919B50296A}.Release|x86.Build.0 = Release|Win32
		{9CDD5953-F651-4B27-8D5A-968B1D86D9FD}.Debug|x64.ActiveCfg = Debug|x64
		{9CDD5953-F651-4B27-8D5A-968B1D86D9FD}.Debug|x64.Build.0 = Debug|x64
		{9CDD5953-F651-4B27-8D5A-968B1D86D9FD}.Debug|x86.ActiveCfg = Debug|Win32
		{9CDD5953-F651-4B27-8D5A-968B1D86D9FD}.Debug|x86.Build.0 = Debug|Win32
		{9CDD5953-F651-4B27-8D5A-968B1D86D9FD}.Release|x64.ActiveCfg = Release|x64
		{9CDD5953-F651-4B27-8D5A-968B1D86D9FD}.Release|x64.Build.0 = Release|x64
		{9CDD5953-F651-4B27-8D5A-968B1D86D9FD}.Release|x86.ActiveCfg = Release|Win32
		{9CDD5953-F651-4B27-8D5A-968B1D86D9FD}.Release|x86.Build.0 = Release|Win32
		{B6229B02-EAC1-4A14-9F30-1337581347D3}.Debug|x64.ActiveCfg = Debug|x64
		{B6229B02-EAC1-4A14-9F30-1337581347D3}.Debug|x64.Build.0 = Debug|x64
		{B6229B02-EAC1-4A14-9F30-1337581347D3}.Debug|x86.ActiveCfg = Debug|Win32
		{B6229B02-EAC1-4A14-9F30-1337581347D3}.Debug|x86.Build.0 = Debug|Win32
		{B6229B02-EAC1-4A14-9F30-1337581347D3}.Release|x64.ActiveCfg = Release|x64
		{B6229B02-EAC1-4A14-9F30-1337581347D3}.Release|x64.Build.0 = Release|x64
		{B6229B02-EAC1-4A14-9F30-1337581347D3}.Release|x86.ActiveCfg = Release|Win32
		{B6229B02-EAC1-4A14-9F30-1337581347D3}.Release|x86.Build.0 = Release|Win32
		{0F2805D8-4F55-45C0-B55F-45C1F61172AC}.Debug|x64.ActiveCfg = Debug|x64
		{0F2805D8-4F55-45C0-B55F-45C1F61172AC}.Debug|x64.Build.0 = Debug|x64
		{0F2805D8-4F55-45C0-B55F-45C1F61172AC}.Debug|x86.ActiveCfg = Debug|Win32
		{0F2805D8-4F55-45C0-B55F-45C1F61172AC}.Debug|x86.Build.0 = Debug|Win32
		{0F2805D8-4F55-45C0-B55F-45C1F61172AC}.Release|x64.ActiveCfg = Release|x64
		{0F2805D8-4F55-45C0-B55F-45C1F61172AC}.Release|x64.Build.0 = Release|x64
		{0F2805D8-4F55-45C0-B55F-45C1F61172AC}.Release|x86.ActiveCfg = Release|Win32
		{0F2805D8-4F55-45C0-B55F-45C1F61172AC}.Release|x86.Build.0 = Release|Win32
		{D3C50163-C024-4885-B66D-4EEAABD62742}.Debug|x64.ActiveCfg = Debug|x64
		{D3C50163-C024-4885-B66D-4EEAABD62742}.Debug|x64.Build.0 = Debug|x64
		{D3C50163-C024-4885-B66D-4EEAABD62742}.Debug|x86.ActiveCfg = Debug|Win32
		{D3C50163-C024-4885-B66D-4EEAABD62742}.Debug|x86.Build.0 = Debug|Win32
		{D3C50163-C024-4885-B66D-4EEAABD62742}.Release|x64.ActiveCfg = Release|x64
		{D3C50163-C024-4885-B66D-4EEAABD62742}.Release|x64.Build.0 = Release|x64
		{D3C50163-C024-4885-B66D-4EEAABD62742}.Release|x86.ActiveCfg = Release|Win32
		{D3C50163-C024-4885-B66D-4EEAABD62742}.Release|x86.Build.0 = Release|Win32
		{BB9FADA0-461A-4B68-92B9-9E1942DB4BE7}.Debug|x64.ActiveCfg = Debug|x64
		{BB9FADA0-461A-4B68-92B9-9E1942DB4BE7}.Debug|x64.Build.0 = Debug|x64
		{BB9FADA0-461A-4B68-92B9-9E1942DB4BE7}.Debug|x86.ActiveCfg = Debug|Win32
		{BB9FADA0-461A-4B68-92B9-9E1942DB4BE7}.Debug|x86.Build.0 = Debug|Win32
		{BB9FADA0-461A-4B68-92B9-9E1942DB4BE7}.Release|x64.ActiveCfg = Release|x64
		{BB9FADA0-461A-4B68-92B9-9E1942DB4BE7}.Release|x64.Build.0 = Release|x64
		{BB9FADA0-461A-4B68-92B9-9E1942DB4BE7}.Release|x86.ActiveCfg = Release|Win32
		{BB9FADA0-461A-4B68-92B9-9E1942DB4BE7}.Release|x86.Build.0 = Release|Win32
		{980586D1-546B-4031-A4B0-03F7389D9358}.Debug|x64.ActiveCfg = Debug|x64
		{980586D1-546B-4031-A4B0-03F7389D9358}.Debug|x64.Build.0 = Debug|x64
		{980586D1-546B-4031-A4B0-03F7389D9358}.Debug|x86.ActiveCfg = Debug|Win32
		{980586D1-546B-4031-A4B0-03F7389D9358}.Debug|x86.Build.0 = Debug|Win32
		{980586D1-546B-4031-A4B0-03F7389D9358}.Release|x64.ActiveCfg = Release|x64
		{980586D1-546B-4031-A4B0-03F7389D9358}.Release|x64.Build.0 = Release|x64
		{980586D1-546B-4031-A4B0-03F7389D9358}.Release|x86.ActiveCfg = Release|Win32
		{980586D1-546B-4031-A4B0-03F7389D9358}.Release|x86.Build.0 = Release|Win32
	EndGlobalSection
	GlobalSection(SolutionProperties) = preSolution
		HideSolutionNode = FALSE
	EndGlobalSection
EndGlobal
