<?xml version="1.0" encoding="utf-8"?>
<Project ToolsVersion="4.0" xmlns="http://schemas.microsoft.com/developer/msbuild/2003">
  <ItemGroup>
    <ClCompile Include="Shader.cpp">
      <Filter>源文件</Filter>
    </ClCompile>
    <ClCompile Include="main.cpp">
      <Filter>源文件</Filter>
    </ClCompile>
  </ItemGroup>
  <ItemGroup>
    <None Include="default.frag">
      <Filter>源文件\shader</Filter>
    </None>
    <None Include="default.vs">
      <Filter>源文件\shader</Filter>
    </None>
  </ItemGroup>
  <ItemGroup>
    <Filter Include="源文件">
      <UniqueIdentifier>{fba806af-c5f8-4a45-b079-c5457ab6b02d}</UniqueIdentifier>
    </Filter>
    <Filter Include="头文件">
      <UniqueIdentifier>{16f75ca8-679f-414c-94b2-c2988a777dc1}</UniqueIdentifier>
    </Filter>
    <Filter Include="源文件\shader">
      <UniqueIdentifier>{4761af2d-4f7a-47af-bcbe-9d6471d6ca47}</UniqueIdentifier>
    </Filter>
  </ItemGroup>
  <ItemGroup>
    <ClInclude Include="Shader.h">
      <Filter>头文件</Filter>
    </ClInclude>
  </ItemGroup>
</Project>